// !$*UTF8*$!
{
	archiveVersion = 1;
	classes = {
	};
	objectVersion = 46;
	objects = {

/* Begin PBXGroup section */
		E45CB1FA1843A5C900F81B70 = {
			isa = PBXGroup;
			children = (
			);
			sourceTree = "<group>";
		};
/* End PBXGroup section */

/* Begin PBXProject section */
		E45CB1FB1843A5C900F81B70 /* Project object */ = {
			isa = PBXProject;
			attributes = {
				LastUpgradeCheck = 0500;
			};
			buildConfigurationList = E45CB1FE1843A5C900F81B70 /* Build configuration list for PBXProject "SCSettlersAPI" */;
			compatibilityVersion = "Xcode 3.2";
			developmentRegion = English;
			hasScannedForEncodings = 0;
			knownRegions = (
				en,
			);
			mainGroup = E45CB1FA1843A5C900F81B70;
			projectDirPath = "";
			projectRoot = "";
			targets = (
			);
		};
/* End PBXProject section */

/* Begin XCBuildConfiguration section */
		E45CB1FF1843A5C900F81B70 /* Debug */ = {
			isa = XCBuildConfiguration;
			buildSettings = {
			};
			name = Debug;
		};
		E45CB2001843A5C900F81B70 /* Release */ = {
			isa = XCBuildConfiguration;
			buildSettings = {
			};
			name = Release;
		};
/* End XCBuildConfiguration section */

/* Begin XCConfigurationList section */
		E45CB1FE1843A5C900F81B70 /* Build configuration list for PBXProject "SCSettlersAPI" */ = {
			isa = XCConfigurationList;
			buildConfigurations = (
				E45CB1FF1843A5C900F81B70 /* Debug */,
				E45CB2001843A5C900F81B70 /* Release */,
			);
			defaultConfigurationIsVisible = 0;
			defaultConfigurationName = Release;
		};
/* End XCConfigurationList section */
	};
	rootObject = E45CB1FB1843A5C900F81B70 /* Project object */;
}
